
Microsoft Visual Studio Solution File, Format Version 12.00
# Visual Studio 15
VisualStudioVersion = 15.0.27004.2005
MinimumVisualStudioVersion = 10.0.40219.1
Project("{9A19103F-16F7-4668-BE54-9A1E7A4F7556}") = "Extensions.Data.xxHash.core20", "src\Extensions.Data.xxHash\Extensions.Data.xxHash.core20.csproj", "{31BFB1C8-6717-4C97-A405-ECC4AD18BCC0}"
EndProject
Global
	GlobalSection(SolutionConfigurationPlatforms) = preSolution
		Debug|Any CPU = Debug|Any CPU
		Release|Any CPU = Release|Any CPU
	EndGlobalSection
	GlobalSection(ProjectConfigurationPlatforms) = postSolution
		{31BFB1C8-6717-4C97-A405-ECC4AD18BCC0}.Debug|Any CPU.ActiveCfg = Debug|Any CPU
		{31BFB1C8-6717-4C97-A405-ECC4AD18BCC0}.Debug|Any CPU.Build.0 = Debug|Any CPU
		{31BFB1C8-6717-4C97-A405-ECC4AD18BCC0}.Release|Any CPU.ActiveCfg = Release|Any CPU
		{31BFB1C8-6717-4C97-A405-ECC4AD18BCC0}.Release|Any CPU.Build.0 = Release|Any CPU
	EndGlobalSection
	GlobalSection(SolutionProperties) = preSolution
		HideSolutionNode = FALSE
	EndGlobalSection
	GlobalSection(ExtensibilityGlobals) = postSolution
		SolutionGuid = {E3AB9D7D-A3E2-4BBB-8EBF-A24EF1B26A91}
	EndGlobalSection
EndGlobal
